# @generated - this file is auto-generated by `mise lock` https://mise.jdx.dev/dev-tools/mise-lock.html

[[tools."github:golangci/golangci-lint"]]
version = "2.11.3"
backend = "github:golangci/golangci-lint"

[tools."github:golangci/golangci-lint"."platforms.linux-arm64"]
checksum = "sha256:ee3d95f301359e7d578e6d99c8ad5aeadbabc5a13009a30b2b0df11c8058afe9"
url = "https://github.com/golangci/golangci-lint/releases/download/v2.11.3/golangci-lint-2.11.3-linux-arm64.tar.gz"
url_api = "https://api.github.com/repos/golangci/golangci-lint/releases/assets/370749014"
provenance = "github-attestations"

[tools."github:golangci/golangci-lint"."platforms.linux-arm64-musl"]
checksum = "sha256:ee3d95f301359e7d578e6d99c8ad5aeadbabc5a13009a30b2b0df11c8058afe9"
url = "https://github.com/golangci/golangci-lint/releases/download/v2.11.3/golangci-lint-2.11.3-linux-arm64.tar.gz"
url_api = "https://api.github.com/repos/golangci/golangci-lint/releases/assets/370749014"
provenance = "github-attestations"

[tools."github:golangci/golangci-lint"."platforms.linux-x64"]
checksum = "sha256:87bb8cddbcc825d5778b64e8a91b46c0526b247f4e2f2904dea74ec7450475d1"
url = "https://github.com/golangci/golangci-lint/releases/download/v2.11.3/golangci-lint-2.11.3-linux-amd64.tar.gz"
url_api = "https://api.github.com/repos/golangci/golangci-lint/releases/assets/370748984"
provenance = "github-attestations"

[tools."github:golangci/golangci-lint"."platforms.linux-x64-musl"]
checksum = "sha256:87bb8cddbcc825d5778b64e8a91b46c0526b247f4e2f2904dea74ec7450475d1"
url = "https://github.com/golangci/golangci-lint/releases/download/v2.11.3/golangci-lint-2.11.3-linux-amd64.tar.gz"
url_api = "https://api.github.com/repos/golangci/golangci-lint/releases/assets/370748984"
provenance = "github-attestations"

[tools."github:golangci/golangci-lint"."platforms.macos-arm64"]
checksum = "sha256:30ee39979c516b9d1adca289a3f93429d130c4c0fda5e57d637850894221f6cc"
url = "https://github.com/golangci/golangci-lint/releases/download/v2.11.3/golangci-lint-2.11.3-darwin-arm64.tar.gz"
url_api = "https://api.github.com/repos/golangci/golangci-lint/releases/assets/370749042"
provenance = "github-attestations"

[tools."github:golangci/golangci-lint"."platforms.macos-x64"]
checksum = "sha256:f93bda1f2cc981fd1326464020494be62f387bbf262706e1b3b644e5afacc440"
url = "https://github.com/golangci/golangci-lint/releases/download/v2.11.3/golangci-lint-2.11.3-darwin-amd64.tar.gz"
url_api = "https://api.github.com/repos/golangci/golangci-lint/releases/assets/370749038"
provenance = "github-attestations"

[tools."github:golangci/golangci-lint"."platforms.windows-x64"]
checksum = "sha256:cd42e890176bc5cfeb36225a77e66b9410ddd3a59a03551e23f6b210d29e1f67"
url = "https://github.com/golangci/golangci-lint/releases/download/v2.11.3/golangci-lint-2.11.3-windows-amd64.zip"
url_api = "https://api.github.com/repos/golangci/golangci-lint/releases/assets/370749053"
provenance = "github-attestations"

[[tools."github:goreleaser/goreleaser"]]
version = "2.15.3"
backend = "github:goreleaser/goreleaser"

[tools."github:goreleaser/goreleaser"."platforms.linux-arm64"]
checksum = "sha256:646b8f36329cf1ec02af18d40e7096973f62524bdef19c3690414e390a9f757d"
url = "https://github.com/goreleaser/goreleaser/releases/download/v2.15.3/goreleaser_Linux_arm64.tar.gz"
url_api = "https://api.github.com/repos/goreleaser/goreleaser/releases/assets/396601624"
provenance = "github-attestations"

[tools."github:goreleaser/goreleaser"."platforms.linux-arm64-musl"]
checksum = "sha256:646b8f36329cf1ec02af18d40e7096973f62524bdef19c3690414e390a9f757d"
url = "https://github.com/goreleaser/goreleaser/releases/download/v2.15.3/goreleaser_Linux_arm64.tar.gz"
url_api = "https://api.github.com/repos/goreleaser/goreleaser/releases/assets/396601624"
provenance = "github-attestations"

[tools."github:goreleaser/goreleaser"."platforms.linux-x64"]
checksum = "sha256:3b24b3a1629be21a9527d2f46f08b9bbf012c52fe33395714fe2c70acee57e0f"
url = "https://github.com/goreleaser/goreleaser/releases/download/v2.15.3/goreleaser_Linux_x86_64.tar.gz"
url_api = "https://api.github.com/repos/goreleaser/goreleaser/releases/assets/396601623"
provenance = "github-attestations"

[tools."github:goreleaser/goreleaser"."platforms.linux-x64-musl"]
checksum = "sha256:3b24b3a1629be21a9527d2f46f08b9bbf012c52fe33395714fe2c70acee57e0f"
url = "https://github.com/goreleaser/goreleaser/releases/download/v2.15.3/goreleaser_Linux_x86_64.tar.gz"
url_api = "https://api.github.com/repos/goreleaser/goreleaser/releases/assets/396601623"
provenance = "github-attestations"

[tools."github:goreleaser/goreleaser"."platforms.macos-arm64"]
checksum = "sha256:a46a3bf44ef8255b78d9eae9a3f4da60b878011e8eba7cf12bb3787ad5110418"
url = "https://github.com/goreleaser/goreleaser/releases/download/v2.15.3/goreleaser_Darwin_arm64.tar.gz"
url_api = "https://api.github.com/repos/goreleaser/goreleaser/releases/assets/396601611"
provenance = "github-attestations"

[tools."github:goreleaser/goreleaser"."platforms.macos-x64"]
checksum = "sha256:723ba2f0ad18ec037c9bdd79d787f8a870a66f432706b3b3962b44b3a90def91"
url = "https://github.com/goreleaser/goreleaser/releases/download/v2.15.3/goreleaser_Darwin_x86_64.tar.gz"
url_api = "https://api.github.com/repos/goreleaser/goreleaser/releases/assets/396601587"
provenance = "github-attestations"

[tools."github:goreleaser/goreleaser"."platforms.windows-x64"]
checksum = "sha256:8722fdebfc23e10a36356ddd59af0c1f52c4120ca847afd091bd34e09d8aae8c"
url = "https://github.com/goreleaser/goreleaser/releases/download/v2.15.3/goreleaser_Windows_x86_64.zip"
url_api = "https://api.github.com/repos/goreleaser/goreleaser/releases/assets/396601610"
provenance = "github-attestations"

[[tools.go]]
version = "1.26.0"
backend = "core:go"

[tools.go."platforms.linux-arm64"]
checksum = "sha256:bd03b743eb6eb4193ea3c3fd3956546bf0e3ca5b7076c8226334afe6b75704cd"
url = "https://dl.google.com/go/go1.26.0.linux-arm64.tar.gz"

[tools.go."platforms.linux-arm64-musl"]
checksum = "sha256:bd03b743eb6eb4193ea3c3fd3956546bf0e3ca5b7076c8226334afe6b75704cd"
url = "https://dl.google.com/go/go1.26.0.linux-arm64.tar.gz"

[tools.go."platforms.linux-x64"]
checksum = "sha256:aac1b08a0fb0c4e0a7c1555beb7b59180b05dfc5a3d62e40e9de90cd42f88235"
url = "https://dl.google.com/go/go1.26.0.linux-amd64.tar.gz"

[tools.go."platforms.linux-x64-musl"]
checksum = "sha256:aac1b08a0fb0c4e0a7c1555beb7b59180b05dfc5a3d62e40e9de90cd42f88235"
url = "https://dl.google.com/go/go1.26.0.linux-amd64.tar.gz"

[tools.go."platforms.macos-arm64"]
checksum = "sha256:b1640525dfe68f066d56f200bef7bf4dce955a1a893bd061de6754c211431023"
url = "https://dl.google.com/go/go1.26.0.darwin-arm64.tar.gz"

[tools.go."platforms.macos-x64"]
checksum = "sha256:1ca28b7703cbea05a65b2a1d92d6b308610ef92f8824578a0874f2e60c9d5a22"
url = "https://dl.google.com/go/go1.26.0.darwin-amd64.tar.gz"

[tools.go."platforms.windows-x64"]
checksum = "sha256:9bbe0fc64236b2b51f6255c05c4232532b8ecc0e6d2e00950bd3021d8a4d07d4"
url = "https://dl.google.com/go/go1.26.0.windows-amd64.zip"
