# @generated - this file is auto-generated by `mise lock` https://mise.jdx.dev/dev-tools/mise-lock.html

[[tools."github:golangci/golangci-lint"]]
version = "2.11.3"
backend = "github:golangci/golangci-lint"

[tools."github:golangci/golangci-lint"."platforms.linux-arm64"]
checksum = "sha256:ee3d95f301359e7d578e6d99c8ad5aeadbabc5a13009a30b2b0df11c8058afe9"
url = "https://github.com/golangci/golangci-lint/releases/download/v2.11.3/golangci-lint-2.11.3-linux-arm64.tar.gz"
url_api = "https://api.github.com/repos/golangci/golangci-lint/releases/assets/370749014"
provenance = "github-attestations"

[tools."github:golangci/golangci-lint"."platforms.linux-arm64-musl"]
checksum = "sha256:ee3d95f301359e7d578e6d99c8ad5aeadbabc5a13009a30b2b0df11c8058afe9"
url = "https://github.com/golangci/golangci-lint/releases/download/v2.11.3/golangci-lint-2.11.3-linux-arm64.tar.gz"
url_api = "https://api.github.com/repos/golangci/golangci-lint/releases/assets/370749014"
provenance = "github-attestations"

[tools."github:golangci/golangci-lint"."platforms.linux-x64"]
checksum = "sha256:87bb8cddbcc825d5778b64e8a91b46c0526b247f4e2f2904dea74ec7450475d1"
url = "https://github.com/golangci/golangci-lint/releases/download/v2.11.3/golangci-lint-2.11.3-linux-amd64.tar.gz"
url_api = "https://api.github.com/repos/golangci/golangci-lint/releases/assets/370748984"
provenance = "github-attestations"

[tools."github:golangci/golangci-lint"."platforms.linux-x64-musl"]
checksum = "sha256:87bb8cddbcc825d5778b64e8a91b46c0526b247f4e2f2904dea74ec7450475d1"
url = "https://github.com/golangci/golangci-lint/releases/download/v2.11.3/golangci-lint-2.11.3-linux-amd64.tar.gz"
url_api = "https://api.github.com/repos/golangci/golangci-lint/releases/assets/370748984"
provenance = "github-attestations"

[tools."github:golangci/golangci-lint"."platforms.macos-arm64"]
checksum = "sha256:30ee39979c516b9d1adca289a3f93429d130c4c0fda5e57d637850894221f6cc"
url = "https://github.com/golangci/golangci-lint/releases/download/v2.11.3/golangci-lint-2.11.3-darwin-arm64.tar.gz"
url_api = "https://api.github.com/repos/golangci/golangci-lint/releases/assets/370749042"
provenance = "github-attestations"

[tools."github:golangci/golangci-lint"."platforms.macos-x64"]
checksum = "sha256:f93bda1f2cc981fd1326464020494be62f387bbf262706e1b3b644e5afacc440"
url = "https://github.com/golangci/golangci-lint/releases/download/v2.11.3/golangci-lint-2.11.3-darwin-amd64.tar.gz"
url_api = "https://api.github.com/repos/golangci/golangci-lint/releases/assets/370749038"
provenance = "github-attestations"

[tools."github:golangci/golangci-lint"."platforms.windows-x64"]
checksum = "sha256:cd42e890176bc5cfeb36225a77e66b9410ddd3a59a03551e23f6b210d29e1f67"
url = "https://github.com/golangci/golangci-lint/releases/download/v2.11.3/golangci-lint-2.11.3-windows-amd64.zip"
url_api = "https://api.github.com/repos/golangci/golangci-lint/releases/assets/370749053"
provenance = "github-attestations"

[[tools."github:goreleaser/goreleaser"]]
version = "2.15.3"
backend = "github:goreleaser/goreleaser"

[tools."github:goreleaser/goreleaser"."platforms.linux-arm64"]
checksum = "sha256:646b8f36329cf1ec02af18d40e7096973f62524bdef19c3690414e390a9f757d"
url = "https://github.com/goreleaser/goreleaser/releases/download/v2.15.3/goreleaser_Linux_arm64.tar.gz"
url_api = "https://api.github.com/repos/goreleaser/goreleaser/releases/assets/396601624"
provenance = "github-attestations"

[tools."github:goreleaser/goreleaser"."platforms.linux-arm64-musl"]
checksum = "sha256:646b8f36329cf1ec02af18d40e7096973f62524bdef19c3690414e390a9f757d"
url = "https://github.com/goreleaser/goreleaser/releases/download/v2.15.3/goreleaser_Linux_arm64.tar.gz"
url_api = "https://api.github.com/repos/goreleaser/goreleaser/releases/assets/396601624"
provenance = "github-attestations"

[tools."github:goreleaser/goreleaser"."platforms.linux-x64"]
checksum = "sha256:3b24b3a1629be21a9527d2f46f08b9bbf012c52fe33395714fe2c70acee57e0f"
url = "https://github.com/goreleaser/goreleaser/releases/download/v2.15.3/goreleaser_Linux_x86_64.tar.gz"
url_api = "https://api.github.com/repos/goreleaser/goreleaser/releases/assets/396601623"
provenance = "github-attestations"

[tools."github:goreleaser/goreleaser"."platforms.linux-x64-musl"]
checksum = "sha256:3b24b3a1629be21a9527d2f46f08b9bbf012c52fe33395714fe2c70acee57e0f"
url = "https://github.com/goreleaser/goreleaser/releases/download/v2.15.3/goreleaser_Linux_x86_64.tar.gz"
url_api = "https://api.github.com/repos/goreleaser/goreleaser/releases/assets/396601623"
provenance = "github-attestations"

[tools."github:goreleaser/goreleaser"."platforms.macos-arm64"]
checksum = "sha256:a46a3bf44ef8255b78d9eae9a3f4da60b878011e8eba7cf12bb3787ad5110418"
url = "https://github.com/goreleaser/goreleaser/releases/download/v2.15.3/goreleaser_Darwin_arm64.tar.gz"
url_api = "https://api.github.com/repos/goreleaser/goreleaser/releases/assets/396601611"
provenance = "github-attestations"

[tools."github:goreleaser/goreleaser"."platforms.macos-x64"]
checksum = "sha256:723ba2f0ad18ec037c9bdd79d787f8a870a66f432706b3b3962b44b3a90def91"
url = "https://github.com/goreleaser/goreleaser/releases/download/v2.15.3/goreleaser_Darwin_x86_64.tar.gz"
url_api = "https://api.github.com/repos/goreleaser/goreleaser/releases/assets/396601587"
provenance = "github-attestations"

[tools."github:goreleaser/goreleaser"."platforms.windows-x64"]
checksum = "sha256:8722fdebfc23e10a36356ddd59af0c1f52c4120ca847afd091bd34e09d8aae8c"
url = "https://github.com/goreleaser/goreleaser/releases/download/v2.15.3/goreleaser_Windows_x86_64.zip"
url_api = "https://api.github.com/repos/goreleaser/goreleaser/releases/assets/396601610"
provenance = "github-attestations"

[[tools.go]]
version = "1.26.2"
backend = "core:go"

[tools.go."platforms.linux-arm64"]
checksum = "sha256:c958a1fe1b361391db163a485e21f5f228142d6f8b584f6bef89b26f66dc5b23"
url = "https://dl.google.com/go/go1.26.2.linux-arm64.tar.gz"

[tools.go."platforms.linux-arm64-musl"]
checksum = "sha256:c958a1fe1b361391db163a485e21f5f228142d6f8b584f6bef89b26f66dc5b23"
url = "https://dl.google.com/go/go1.26.2.linux-arm64.tar.gz"

[tools.go."platforms.linux-x64"]
checksum = "sha256:990e6b4bbba816dc3ee129eaeaf4b42f17c2800b88a2166c265ac1a200262282"
url = "https://dl.google.com/go/go1.26.2.linux-amd64.tar.gz"

[tools.go."platforms.linux-x64-musl"]
checksum = "sha256:990e6b4bbba816dc3ee129eaeaf4b42f17c2800b88a2166c265ac1a200262282"
url = "https://dl.google.com/go/go1.26.2.linux-amd64.tar.gz"

[tools.go."platforms.macos-arm64"]
checksum = "sha256:32af1522bf3e3ff3975864780a429cc0b41d190ec7bf90faa661d6d64566e7af"
url = "https://dl.google.com/go/go1.26.2.darwin-arm64.tar.gz"

[tools.go."platforms.macos-x64"]
checksum = "sha256:bc3f1500d9968c36d705442d90ba91addf9271665033748b82532682e90a7966"
url = "https://dl.google.com/go/go1.26.2.darwin-amd64.tar.gz"

[tools.go."platforms.windows-x64"]
checksum = "sha256:98eb3570bade15cb826b0909338df6cc6d2cf590bc39c471142002db3832b708"
url = "https://dl.google.com/go/go1.26.2.windows-amd64.zip"
